{
  "version": 4,
  "terraform_version": "1.9.4",
  "serial": 49,
  "lineage": "d675edf0-8bff-fdae-7685-401149b13763",
  "outputs": {},
  "resources": [
    {
      "mode": "managed",
      "type": "google_compute_network",
      "name": "this",
      "provider": "provider[\"registry.terraform.io/hashicorp/google\"]",
      "instances": [
        {
          "schema_version": 0,
          "attributes": {
            "auto_create_subnetworks": false,
            "delete_default_routes_on_create": false,
            "description": "",
            "enable_ula_internal_ipv6": false,
            "gateway_ipv4": "",
            "id": "projects/prj-cloud-run-poc/global/networks/cft-cloud-swp-test-susu",
            "internal_ipv6_range": "",
            "mtu": 0,
            "name": "cft-cloud-swp-test-susu",
            "network_firewall_policy_enforcement_order": "AFTER_CLASSIC_FIREWALL",
            "numeric_id": "3195881680534706974",
            "project": "prj-cloud-run-poc",
            "routing_mode": "REGIONAL",
            "self_link": "https://www.googleapis.com/compute/v1/projects/prj-cloud-run-poc/global/networks/cft-cloud-swp-test-susu",
            "timeouts": null
          },
          "sensitive_attributes": [],
          "private": "eyJlMmJmYjczMC1lY2FhLTExZTYtOGY4OC0zNDM2M2JjN2M0YzAiOnsiY3JlYXRlIjoxMjAwMDAwMDAwMDAwLCJkZWxldGUiOjEyMDAwMDAwMDAwMDAsInVwZGF0ZSI6MTIwMDAwMDAwMDAwMH19",
          "dependencies": [
            "random_string.suffix"
          ]
        }
      ]
    },
    {
      "mode": "managed",
      "type": "google_compute_subnetwork",
      "name": "proxy_subnet",
      "provider": "provider[\"registry.terraform.io/hashicorp/google\"]",
      "instances": [
        {
          "schema_version": 0,
          "attributes": {
            "creation_timestamp": "2024-09-09T00:38:50.389-07:00",
            "description": "",
            "external_ipv6_prefix": "",
            "fingerprint": null,
            "gateway_address": "10.9.0.1",
            "id": "projects/prj-cloud-run-poc/regions/asia-south1/subnetworks/swp-test-subnet-proxyonly",
            "internal_ipv6_prefix": "",
            "ip_cidr_range": "10.9.0.0/22",
            "ipv6_access_type": "",
            "ipv6_cidr_range": "",
            "log_config": [],
            "name": "swp-test-subnet-proxyonly",
            "network": "https://www.googleapis.com/compute/v1/projects/prj-cloud-run-poc/global/networks/cft-cloud-swp-test-susu",
            "private_ip_google_access": false,
            "private_ipv6_google_access": "DISABLE_GOOGLE_ACCESS",
            "project": "prj-cloud-run-poc",
            "purpose": "REGIONAL_MANAGED_PROXY",
            "region": "asia-south1",
            "role": "ACTIVE",
            "secondary_ip_range": [],
            "self_link": "https://www.googleapis.com/compute/v1/projects/prj-cloud-run-poc/regions/asia-south1/subnetworks/swp-test-subnet-proxyonly",
            "send_secondary_ip_range_if_empty": null,
            "stack_type": "",
            "timeouts": null
          },
          "sensitive_attributes": [],
          "private": "eyJlMmJmYjczMC1lY2FhLTExZTYtOGY4OC0zNDM2M2JjN2M0YzAiOnsiY3JlYXRlIjoxMjAwMDAwMDAwMDAwLCJkZWxldGUiOjEyMDAwMDAwMDAwMDAsInVwZGF0ZSI6MTIwMDAwMDAwMDAwMH19",
          "dependencies": [
            "google_compute_network.this",
            "random_string.suffix"
          ]
        }
      ]
    },
    {
      "mode": "managed",
      "type": "random_string",
      "name": "suffix",
      "provider": "provider[\"registry.terraform.io/hashicorp/random\"]",
      "instances": [
        {
          "schema_version": 2,
          "attributes": {
            "id": "susu",
            "keepers": null,
            "length": 4,
            "lower": true,
            "min_lower": 0,
            "min_numeric": 0,
            "min_special": 0,
            "min_upper": 0,
            "number": false,
            "numeric": false,
            "override_special": null,
            "result": "susu",
            "special": false,
            "upper": false
          },
          "sensitive_attributes": []
        }
      ]
    },
    {
      "module": "module.secure_web_proxy",
      "mode": "managed",
      "type": "google_network_security_url_lists",
      "name": "this",
      "provider": "provider[\"registry.terraform.io/hashicorp/google\"]",
      "instances": [
        {
          "index_key": "test-url-list-1",
          "schema_version": 0,
          "attributes": {
            "create_time": "2024-09-09T07:39:22.696746888Z",
            "description": "url-list-1 description.",
            "id": "projects/prj-cloud-run-poc/locations/asia-south1/urlLists/test-url-list-1",
            "location": "asia-south1",
            "name": "test-url-list-1",
            "project": "prj-cloud-run-poc",
            "timeouts": null,
            "update_time": "2024-09-09T07:39:24.766157512Z",
            "values": [
              "www.example.com",
              "about.example.com",
              "github.com/example-org/*"
            ]
          },
          "sensitive_attributes": [],
          "private": "eyJlMmJmYjczMC1lY2FhLTExZTYtOGY4OC0zNDM2M2JjN2M0YzAiOnsiY3JlYXRlIjoxODAwMDAwMDAwMDAwLCJkZWxldGUiOjE4MDAwMDAwMDAwMDAsInVwZGF0ZSI6MTgwMDAwMDAwMDAwMH19",
          "dependencies": [
            "google_compute_network.this",
            "google_compute_subnetwork.proxy_subnet",
            "random_string.suffix"
          ]
        }
      ]
    }
  ],
  "check_results": null
}
